Microsoft Visual Studio Solution File, Format Version 9.0
# Visual Studio Codename Orcas
Project("{FAE04EC0-301F-11D3-BF4B-00C04F79EFBC}") = "Digger", "Digger.csproj", "{66610A1E-373F-4BF9-A122-22D4D82D58AD}"
EndProject
Global
	GlobalSection(SolutionConfigurationPlatforms) = preSolution
		Debug|Any CPU = Debug|Any CPU
		Release|Any CPU = Release|Any CPU
	EndGlobalSection
	GlobalSection(ProjectConfigurationPlatforms) = postSolution
		{66610A1E-373F-4BF9-A122-22D4D82D58AD}.Debug|Any CPU.ActiveCfg = Debug|Any CPU
		{66610A1E-373F-4BF9-A122-22D4D82D58AD}.Debug|Any CPU.Build.0 = Debug|Any CPU
		{66610A1E-373F-4BF9-A122-22D4D82D58AD}.Debug|Any CPU.Deploy.0 = Debug|Any CPU
		{66610A1E-373F-4BF9-A122-22D4D82D58AD}.Release|Any CPU.ActiveCfg = Release|Any CPU
		{66610A1E-373F-4BF9-A122-22D4D82D58AD}.Release|Any CPU.Build.0 = Release|Any CPU
		{66610A1E-373F-4BF9-A122-22D4D82D58AD}.Release|Any CPU.Deploy.0 = Release|Any CPU
	EndGlobalSection
	GlobalSection(SolutionProperties) = preSolution
		HideSolutionNode = FALSE
	EndGlobalSection
EndGlobal
